PODS:
  - AFNetworking (4.0.1):
    - AFNetworking/NSURLSession (= 4.0.1)
    - AFNetworking/Reachability (= 4.0.1)
    - AFNetworking/Security (= 4.0.1)
    - AFNetworking/Serialization (= 4.0.1)
    - AFNetworking/UIKit (= 4.0.1)
  - AFNetworking/NSURLSession (4.0.1):
    - AFNetworking/Reachability
    - AFNetworking/Security
    - AFNetworking/Serialization
  - AFNetworking/Reachability (4.0.1)
  - AFNetworking/Security (4.0.1)
  - AFNetworking/Serialization (4.0.1)
  - AFNetworking/UIKit (4.0.1):
    - AFNetworking/NSURLSession
  - BRPickerView (2.9.9):
    - BRPickerView/All (= 2.9.9)
  - BRPickerView/All (2.9.9):
    - BRPickerView/Default
    - BRPickerView/Deprecated
  - BRPickerView/Core (2.9.9)
  - BRPickerView/DatePicker (2.9.9):
    - BRPickerView/Core
  - BRPickerView/Default (2.9.9):
    - BRPickerView/DatePicker
    - BRPickerView/TextPicker
  - BRPickerView/Deprecated (2.9.9):
    - BRPickerView/Core
    - BRPickerView/Deprecated/AddressPickerView (= 2.9.9)
    - BRPickerView/Deprecated/Base (= 2.9.9)
    - BRPickerView/Deprecated/StringPickerView (= 2.9.9)
  - BRPickerView/Deprecated/AddressPickerView (2.9.9):
    - BRPickerView/Core
    - BRPickerView/Deprecated/Base
  - BRPickerView/Deprecated/Base (2.9.9):
    - BRPickerView/Core
  - BRPickerView/Deprecated/StringPickerView (2.9.9):
    - BRPickerView/Core
    - BRPickerView/Deprecated/Base
  - BRPickerView/TextPicker (2.9.9):
    - BRPickerView/Core
  - Bugly (2.6.1)
  - HappyDNS (1.0.4)
  - JCore (5.5.3)
  - JPush (6.2.7):
    - JCore (> 5.5.0)
  - Masonry (1.1.0)
  - MBProgressHUD (1.2.0)
  - MJExtension (3.4.2)
  - MJRefresh (3.7.9)
  - Protobuf (3.29.6)
  - QCloudCore/WithoutMTA (6.5.7)
  - QCloudCOSXML/Transfer (6.5.7):
    - QCloudCore/WithoutMTA (= 6.5.7)
  - Qiniu (8.9.2):
    - HappyDNS (~> 1.0.4)
  - SDCycleScrollView (1.82):
    - SDWebImage (>= 5.0.0)
  - SDWebImage (5.21.7):
    - SDWebImage/Core (= 5.21.7)
  - SDWebImage/Core (5.21.7)
  - SocketRocket (0.7.1)
  - SSZipArchive (2.4.3)
  - SVGAPlayer (2.5.7):
    - SVGAPlayer/Core (= 2.5.7)
    - SVGAPlayer/ProtoFiles (= 2.5.7)
  - SVGAPlayer/Core (2.5.7):
    - SSZipArchive (>= 1.8.1)
    - SVGAPlayer/ProtoFiles
  - SVGAPlayer/ProtoFiles (2.5.7):
    - Protobuf (~> 3.4)
  - SVProgressHUD (2.3.1):
    - SVProgressHUD/Core (= 2.3.1)
  - SVProgressHUD/Core (2.3.1)

DEPENDENCIES:
  - AFNetworking
  - BRPickerView (= 2.9.9)
  - Bugly
  - JPush
  - Masonry
  - MBProgressHUD
  - MJExtension
  - MJRefresh
  - Protobuf (~> 3.4)
  - QCloudCOSXML/Transfer
  - Qiniu
  - SDCycleScrollView
  - SocketRocket
  - SVGAPlayer
  - SVProgressHUD

SPEC REPOS:
  trunk:
    - AFNetworking
    - BRPickerView
    - Bugly
    - HappyDNS
    - JCore
    - JPush
    - Masonry
    - MBProgressHUD
    - MJExtension
    - MJRefresh
    - Protobuf
    - QCloudCore
    - QCloudCOSXML
    - Qiniu
    - SDCycleScrollView
    - SDWebImage
    - SocketRocket
    - SSZipArchive
    - SVGAPlayer
    - SVProgressHUD

SPEC CHECKSUMS:
  AFNetworking: 3bd23d814e976cd148d7d44c3ab78017b744cd58
  BRPickerView: 84b2effb81f3b9ebd27f1d31de867ae0b37024f7
  Bugly: 217ac2ce5f0f2626d43dbaa4f70764c953a26a31
  HappyDNS: aefbd28cdcda93cffac64013dfe3342a2f87ed0a
  JCore: 3e14acb18c4dc2615008c5cb385a9ae627688a01
  JPush: edcb0b0ee71a30cf0cac4c04b68bb281196d3e69
  Masonry: 678fab65091a9290e40e2832a55e7ab731aad201
  MBProgressHUD: 3ee5efcc380f6a79a7cc9b363dd669c5e1ae7406
  MJExtension: e97d164cb411aa9795cf576093a1fa208b4a8dd8
  MJRefresh: ff9e531227924c84ce459338414550a05d2aea78
  Protobuf: 8d5596f7468be5400861a6bbfb2dfe9d0d1cde34
  QCloudCore: ff21b867b51f1d7e043c5013a3f876cd29bdca63
  QCloudCOSXML: 35ef870a55a58d193eeb62c37c8904630740480e
  Qiniu: 9a7dd4c7460d70267138a50eac15a167c0a28df0
  SDCycleScrollView: a0d74c3384caa72bdfc81470bdbc8c14b3e1fbcf
  SDWebImage: e9fc87c1aab89a8ab1bbd74eba378c6f53be8abf
  SocketRocket: d4aabe649be1e368d1318fdf28a022d714d65748
  SSZipArchive: fe6a26b2a54d5a0890f2567b5cc6de5caa600aef
  SVGAPlayer: 318b85a78b61292d6ae9dfcd651f3f0d1cdadd86
  SVProgressHUD: 4837c74bdfe2e51e8821c397825996a8d7de6e22

PODFILE CHECKSUM: 8afd7a099e38b69c5f6ac701b7d5e0fc6f0a1da3

COCOAPODS: 1.16.2
